
Microsoft Visual Studio Solution File, Format Version 11.00
# Visual Studio 2010
Project("{8BC9CEB8-8B4A-11D0-8D11-00A0C91BC942}") = "IrisLaevigataEngine", "IrisLaevigataEngine\IrisLaevigataEngine.vcxproj", "{3BCFB288-ED28-44D7-B2F9-22CAECE04C8A}"
EndProject
Project("{8BC9CEB8-8B4A-11D0-8D11-00A0C91BC942}") = "Test", "Test\Test.vcxproj", "{F5377D14-FBC1-404A-854F-5115B737A411}"
EndProject
Project("{8BC9CEB8-8B4A-11D0-8D11-00A0C91BC942}") = "FormTest", "FormTest\FormTest.vcxproj", "{9840C161-5CA5-48F7-A99C-6DB7BE966699}"
EndProject
Project("{8BC9CEB8-8B4A-11D0-8D11-00A0C91BC942}") = "Test2", "Test2\Test2.vcxproj", "{1068C82C-6CD8-464B-AD47-AFDB301D5EC5}"
EndProject
Project("{8BC9CEB8-8B4A-11D0-8D11-00A0C91BC942}") = "FormTest2", "FormTest2\FormTest2.vcxproj", "{F8F48190-F7A9-4D17-BC99-A1DFF2BC52C6}"
EndProject
Global
	GlobalSection(SolutionConfigurationPlatforms) = preSolution
		Debug|Mixed Platforms = Debug|Mixed Platforms
		Debug|Win32 = Debug|Win32
		Debug|x86 = Debug|x86
		Release|Mixed Platforms = Release|Mixed Platforms
		Release|Win32 = Release|Win32
		Release|x86 = Release|x86
	EndGlobalSection
	GlobalSection(ProjectConfigurationPlatforms) = postSolution
		{3BCFB288-ED28-44D7-B2F9-22CAECE04C8A}.Debug|Mixed Platforms.ActiveCfg = Debug|Win32
		{3BCFB288-ED28-44D7-B2F9-22CAECE04C8A}.Debug|Mixed Platforms.Build.0 = Debug|Win32
		{3BCFB288-ED28-44D7-B2F9-22CAECE04C8A}.Debug|Win32.ActiveCfg = Debug|Win32
		{3BCFB288-ED28-44D7-B2F9-22CAECE04C8A}.Debug|Win32.Build.0 = Debug|Win32
		{3BCFB288-ED28-44D7-B2F9-22CAECE04C8A}.Debug|x86.ActiveCfg = Debug|Win32
		{3BCFB288-ED28-44D7-B2F9-22CAECE04C8A}.Release|Mixed Platforms.ActiveCfg = Release|Win32
		{3BCFB288-ED28-44D7-B2F9-22CAECE04C8A}.Release|Mixed Platforms.Build.0 = Release|Win32
		{3BCFB288-ED28-44D7-B2F9-22CAECE04C8A}.Release|Win32.ActiveCfg = Release|Win32
		{3BCFB288-ED28-44D7-B2F9-22CAECE04C8A}.Release|Win32.Build.0 = Release|Win32
		{3BCFB288-ED28-44D7-B2F9-22CAECE04C8A}.Release|x86.ActiveCfg = Release|Win32
		{F5377D14-FBC1-404A-854F-5115B737A411}.Debug|Mixed Platforms.ActiveCfg = Debug|Win32
		{F5377D14-FBC1-404A-854F-5115B737A411}.Debug|Mixed Platforms.Build.0 = Debug|Win32
		{F5377D14-FBC1-404A-854F-5115B737A411}.Debug|Win32.ActiveCfg = Debug|Win32
		{F5377D14-FBC1-404A-854F-5115B737A411}.Debug|Win32.Build.0 = Debug|Win32
		{F5377D14-FBC1-404A-854F-5115B737A411}.Debug|x86.ActiveCfg = Debug|Win32
		{F5377D14-FBC1-404A-854F-5115B737A411}.Release|Mixed Platforms.ActiveCfg = Release|Win32
		{F5377D14-FBC1-404A-854F-5115B737A411}.Release|Mixed Platforms.Build.0 = Release|Win32
		{F5377D14-FBC1-404A-854F-5115B737A411}.Release|Win32.ActiveCfg = Release|Win32
		{F5377D14-FBC1-404A-854F-5115B737A411}.Release|Win32.Build.0 = Release|Win32
		{F5377D14-FBC1-404A-854F-5115B737A411}.Release|x86.ActiveCfg = Release|Win32
		{9840C161-5CA5-48F7-A99C-6DB7BE966699}.Debug|Mixed Platforms.ActiveCfg = Debug|Win32
		{9840C161-5CA5-48F7-A99C-6DB7BE966699}.Debug|Mixed Platforms.Build.0 = Debug|Win32
		{9840C161-5CA5-48F7-A99C-6DB7BE966699}.Debug|Win32.ActiveCfg = Debug|Win32
		{9840C161-5CA5-48F7-A99C-6DB7BE966699}.Debug|Win32.Build.0 = Debug|Win32
		{9840C161-5CA5-48F7-A99C-6DB7BE966699}.Debug|x86.ActiveCfg = Debug|Win32
		{9840C161-5CA5-48F7-A99C-6DB7BE966699}.Release|Mixed Platforms.ActiveCfg = Release|Win32
		{9840C161-5CA5-48F7-A99C-6DB7BE966699}.Release|Mixed Platforms.Build.0 = Release|Win32
		{9840C161-5CA5-48F7-A99C-6DB7BE966699}.Release|Win32.ActiveCfg = Release|Win32
		{9840C161-5CA5-48F7-A99C-6DB7BE966699}.Release|Win32.Build.0 = Release|Win32
		{9840C161-5CA5-48F7-A99C-6DB7BE966699}.Release|x86.ActiveCfg = Release|Win32
		{1068C82C-6CD8-464B-AD47-AFDB301D5EC5}.Debug|Mixed Platforms.ActiveCfg = Debug|Win32
		{1068C82C-6CD8-464B-AD47-AFDB301D5EC5}.Debug|Mixed Platforms.Build.0 = Debug|Win32
		{1068C82C-6CD8-464B-AD47-AFDB301D5EC5}.Debug|Win32.ActiveCfg = Debug|Win32
		{1068C82C-6CD8-464B-AD47-AFDB301D5EC5}.Debug|Win32.Build.0 = Debug|Win32
		{1068C82C-6CD8-464B-AD47-AFDB301D5EC5}.Debug|x86.ActiveCfg = Debug|Win32
		{1068C82C-6CD8-464B-AD47-AFDB301D5EC5}.Release|Mixed Platforms.ActiveCfg = Release|Win32
		{1068C82C-6CD8-464B-AD47-AFDB301D5EC5}.Release|Mixed Platforms.Build.0 = Release|Win32
		{1068C82C-6CD8-464B-AD47-AFDB301D5EC5}.Release|Win32.ActiveCfg = Release|Win32
		{1068C82C-6CD8-464B-AD47-AFDB301D5EC5}.Release|Win32.Build.0 = Release|Win32
		{1068C82C-6CD8-464B-AD47-AFDB301D5EC5}.Release|x86.ActiveCfg = Release|Win32
		{F8F48190-F7A9-4D17-BC99-A1DFF2BC52C6}.Debug|Mixed Platforms.ActiveCfg = Debug|Win32
		{F8F48190-F7A9-4D17-BC99-A1DFF2BC52C6}.Debug|Mixed Platforms.Build.0 = Debug|Win32
		{F8F48190-F7A9-4D17-BC99-A1DFF2BC52C6}.Debug|Win32.ActiveCfg = Debug|Win32
		{F8F48190-F7A9-4D17-BC99-A1DFF2BC52C6}.Debug|Win32.Build.0 = Debug|Win32
		{F8F48190-F7A9-4D17-BC99-A1DFF2BC52C6}.Debug|x86.ActiveCfg = Debug|Win32
		{F8F48190-F7A9-4D17-BC99-A1DFF2BC52C6}.Release|Mixed Platforms.ActiveCfg = Release|Win32
		{F8F48190-F7A9-4D17-BC99-A1DFF2BC52C6}.Release|Mixed Platforms.Build.0 = Release|Win32
		{F8F48190-F7A9-4D17-BC99-A1DFF2BC52C6}.Release|Win32.ActiveCfg = Release|Win32
		{F8F48190-F7A9-4D17-BC99-A1DFF2BC52C6}.Release|Win32.Build.0 = Release|Win32
		{F8F48190-F7A9-4D17-BC99-A1DFF2BC52C6}.Release|x86.ActiveCfg = Release|Win32
	EndGlobalSection
	GlobalSection(SolutionProperties) = preSolution
		HideSolutionNode = FALSE
	EndGlobalSection
EndGlobal
