<?xml version="1.0" encoding="utf-8"?>
<Project ToolsVersion="4.0" xmlns="http://schemas.microsoft.com/developer/msbuild/2003">
  <ItemGroup>
    <None Include="ReadMe.txt" />
  </ItemGroup>
  <ItemGroup>
    <Filter Include="TypeHedder">
      <UniqueIdentifier>{95364541-fe15-4069-8e71-0e448929b984}</UniqueIdentifier>
    </Filter>
    <Filter Include="TypeCpp">
      <UniqueIdentifier>{ab03729c-fce4-4f39-b748-9b0b6a0acdc9}</UniqueIdentifier>
    </Filter>
  </ItemGroup>
  <ItemGroup>
    <ClInclude Include="TypeInclude.h">
      <Filter>TypeHedder</Filter>
    </ClInclude>
    <ClInclude Include="ILVector.h">
      <Filter>TypeHedder</Filter>
    </ClInclude>
    <ClInclude Include="ILMath.h" />
    <ClInclude Include="ILSegment.h">
      <Filter>TypeHedder</Filter>
    </ClInclude>
    <ClInclude Include="ILLine.h">
      <Filter>TypeHedder</Filter>
    </ClInclude>
    <ClInclude Include="ILDirection.h">
      <Filter>TypeHedder</Filter>
    </ClInclude>
    <ClInclude Include="ILAngle.h">
      <Filter>TypeHedder</Filter>
    </ClInclude>
    <ClInclude Include="ILFlat.h">
      <Filter>TypeHedder</Filter>
    </ClInclude>
    <ClInclude Include="ILSurface.h">
      <Filter>TypeHedder</Filter>
    </ClInclude>
    <ClInclude Include="ILChk.h" />
  </ItemGroup>
  <ItemGroup>
    <ClCompile Include="IrisLaevigataEngine.h" />
    <ClCompile Include="ILAngle.cpp">
      <Filter>TypeCpp</Filter>
    </ClCompile>
    <ClCompile Include="ILVector.cpp">
      <Filter>TypeCpp</Filter>
    </ClCompile>
    <ClCompile Include="ILLine.cpp">
      <Filter>TypeCpp</Filter>
    </ClCompile>
    <ClCompile Include="ILFlat.cpp">
      <Filter>TypeCpp</Filter>
    </ClCompile>
    <ClCompile Include="ILDirection.cpp">
      <Filter>TypeCpp</Filter>
    </ClCompile>
    <ClCompile Include="ILSegment.cpp">
      <Filter>TypeCpp</Filter>
    </ClCompile>
    <ClCompile Include="ILSurface.cpp">
      <Filter>TypeCpp</Filter>
    </ClCompile>
  </ItemGroup>
</Project>